{
  "name": "gjs-app",
  "version": "1.0.0",
  "lockfileVersion": 3,
  "requires": true,
  "packages": {
    "": {
      "name": "gjs-app",
      "version": "1.0.0",
      "license": "ISC",
      "devDependencies": {
        "@girs/gio-2.0": "^2.86.0-4.0.0-beta.38",
        "@girs/gjs": "^4.0.0-beta.38",
        "@girs/glib-2.0": "^2.86.0-4.0.0-beta.38",
        "@girs/gobject-2.0": "^2.86.0-4.0.0-beta.38",
        "@girs/gtk-3.0": "^3.24.50-4.0.0-beta.38",
        "typescript": "^5.9.3"
      }
    },
    "node_modules/@girs/atk-1.0": {
      "version": "2.58.0-4.0.0-beta.38",
      "resolved": "https://registry.npmjs.org/@girs/atk-1.0/-/atk-1.0-2.58.0-4.0.0-beta.38.tgz",
      "integrity": "sha512-rfLlLlAecHE1uAqK81DHZT27E1nVwN/pAHtgbgDUcu70UdHoCYAsQymLjk/tuDcTX0Lwp6U9x6w+GHG1sbYlQA==",
      "dev": true,
      "license": "MIT",
      "dependencies": {
        "@girs/gjs": "4.0.0-beta.38",
        "@girs/glib-2.0": "2.86.0-4.0.0-beta.38",
        "@girs/gobject-2.0": "2.86.0-4.0.0-beta.38"
      }
    },
    "node_modules/@girs/cairo-1.0": {
      "version": "1.0.0-4.0.0-beta.38",
      "resolved": "https://registry.npmjs.org/@girs/cairo-1.0/-/cairo-1.0-1.0.0-4.0.0-beta.38.tgz",
      "integrity": "sha512-VJa0vw9teZjCydDzWIcbNBwT37MSej52rqwBuQ/ir7+72+7dpzeudkNOOif1nDIulGu+RLAy4cgWbguQhsUH/Q==",
      "dev": true,
      "license": "MIT",
      "dependencies": {
        "@girs/gjs": "4.0.0-beta.38",
        "@girs/glib-2.0": "2.86.0-4.0.0-beta.38",
        "@girs/gobject-2.0": "2.86.0-4.0.0-beta.38"
      }
    },
    "node_modules/@girs/freetype2-2.0": {
      "version": "2.0.0-4.0.0-beta.38",
      "resolved": "https://registry.npmjs.org/@girs/freetype2-2.0/-/freetype2-2.0-2.0.0-4.0.0-beta.38.tgz",
      "integrity": "sha512-543dlQheKHSVWIatqHNBiLceIWYzIJDXvofR3PfgarKMMi0IRkn1TndzxUxsLC4Eu24KgOKGZYjU1YPUMVGbgg==",
      "dev": true,
      "license": "MIT",
      "dependencies": {
        "@girs/gjs": "4.0.0-beta.38",
        "@girs/gobject-2.0": "2.86.0-4.0.0-beta.38"
      }
    },
    "node_modules/@girs/gdk-3.0": {
      "version": "3.24.50-4.0.0-beta.38",
      "resolved": "https://registry.npmjs.org/@girs/gdk-3.0/-/gdk-3.0-3.24.50-4.0.0-beta.38.tgz",
      "integrity": "sha512-AWcYkOE2z/oRtcUO4HH7RpxeKGARNoyhv/xB01y2fn4tVHcHmA6VbjOQMdSbCYk0CTp25PcsPxPM2ET7g+E/rw==",
      "dev": true,
      "license": "MIT",
      "dependencies": {
        "@girs/cairo-1.0": "1.0.0-4.0.0-beta.38",
        "@girs/freetype2-2.0": "2.0.0-4.0.0-beta.38",
        "@girs/gdkpixbuf-2.0": "2.0.0-4.0.0-beta.38",
        "@girs/gio-2.0": "2.86.0-4.0.0-beta.38",
        "@girs/gjs": "4.0.0-beta.38",
        "@girs/glib-2.0": "2.86.0-4.0.0-beta.38",
        "@girs/gmodule-2.0": "2.0.0-4.0.0-beta.38",
        "@girs/gobject-2.0": "2.86.0-4.0.0-beta.38",
        "@girs/harfbuzz-0.0": "11.5.0-4.0.0-beta.38",
        "@girs/pango-1.0": "1.57.0-4.0.0-beta.38"
      }
    },
    "node_modules/@girs/gdkpixbuf-2.0": {
      "version": "2.0.0-4.0.0-beta.38",
      "resolved": "https://registry.npmjs.org/@girs/gdkpixbuf-2.0/-/gdkpixbuf-2.0-2.0.0-4.0.0-beta.38.tgz",
      "integrity": "sha512-L8NE18rhj100lRGMnf7lNUdr6pHw2co1UtExxDnglba5lNee4NoyF/u8g4Mk3toPU0fAu+ug91HJ4o2mIJd7MQ==",
      "dev": true,
      "license": "MIT",
      "dependencies": {
        "@girs/gio-2.0": "2.86.0-4.0.0-beta.38",
        "@girs/gjs": "4.0.0-beta.38",
        "@girs/glib-2.0": "2.86.0-4.0.0-beta.38",
        "@girs/gmodule-2.0": "2.0.0-4.0.0-beta.38",
        "@girs/gobject-2.0": "2.86.0-4.0.0-beta.38"
      }
    },
    "node_modules/@girs/gio-2.0": {
      "version": "2.86.0-4.0.0-beta.38",
      "resolved": "https://registry.npmjs.org/@girs/gio-2.0/-/gio-2.0-2.86.0-4.0.0-beta.38.tgz",
      "integrity": "sha512-hKCyDEqSIgqcZeFf63KNrUnrYtAuJ0yfIypbdLgNEMbJBPQ/e3ZiwzWa7i3OPCh52Cnl9qYRdj8MSbZndpyZiQ==",
      "dev": true,
      "license": "MIT",
      "dependencies": {
        "@girs/gjs": "4.0.0-beta.38",
        "@girs/glib-2.0": "2.86.0-4.0.0-beta.38",
        "@girs/gmodule-2.0": "2.0.0-4.0.0-beta.38",
        "@girs/gobject-2.0": "2.86.0-4.0.0-beta.38"
      }
    },
    "node_modules/@girs/gjs": {
      "version": "4.0.0-beta.38",
      "resolved": "https://registry.npmjs.org/@girs/gjs/-/gjs-4.0.0-beta.38.tgz",
      "integrity": "sha512-eI/9lfI1mQpXN8RsKiNRFWJso6LgQe9Eb+YxLAdKarD5fccvIRx3chsyIyhw5tYH7VvgaZkqm1c4GX7pDDokBQ==",
      "dev": true,
      "license": "MIT",
      "dependencies": {
        "@girs/cairo-1.0": "1.0.0-4.0.0-beta.38",
        "@girs/gio-2.0": "2.86.0-4.0.0-beta.38",
        "@girs/glib-2.0": "2.86.0-4.0.0-beta.38",
        "@girs/gobject-2.0": "2.86.0-4.0.0-beta.38"
      }
    },
    "node_modules/@girs/glib-2.0": {
      "version": "2.86.0-4.0.0-beta.38",
      "resolved": "https://registry.npmjs.org/@girs/glib-2.0/-/glib-2.0-2.86.0-4.0.0-beta.38.tgz",
      "integrity": "sha512-TFbrh5+Y3pb61synbhi37VrRzh0e+JQaRCzfGbe7oewUq0v7Sb8eSi2Fmj98r5tCizaRYptqgt6bxG7G5cFzVg==",
      "dev": true,
      "license": "MIT",
      "dependencies": {
        "@girs/gjs": "4.0.0-beta.38",
        "@girs/gobject-2.0": "2.86.0-4.0.0-beta.38"
      }
    },
    "node_modules/@girs/gmodule-2.0": {
      "version": "2.0.0-4.0.0-beta.38",
      "resolved": "https://registry.npmjs.org/@girs/gmodule-2.0/-/gmodule-2.0-2.0.0-4.0.0-beta.38.tgz",
      "integrity": "sha512-BmspJtwdBSfCJRZQMxn3gx6H9FNcoqCebFXK2UKknq18DIo8U2q4iN/jQBWPoLh2siK9LhCdL2egoyXteTy1NA==",
      "dev": true,
      "license": "MIT",
      "dependencies": {
        "@girs/gjs": "4.0.0-beta.38",
        "@girs/glib-2.0": "2.86.0-4.0.0-beta.38",
        "@girs/gobject-2.0": "2.86.0-4.0.0-beta.38"
      }
    },
    "node_modules/@girs/gobject-2.0": {
      "version": "2.86.0-4.0.0-beta.38",
      "resolved": "https://registry.npmjs.org/@girs/gobject-2.0/-/gobject-2.0-2.86.0-4.0.0-beta.38.tgz",
      "integrity": "sha512-oYrm6Gb/tCQosMkN8Beu5jqGRkJ7LED4O1H1dKYOI4SnP1Ojb66A9ECy78yTO8piBtMopsbRODV81yKniVtKKA==",
      "dev": true,
      "license": "MIT",
      "dependencies": {
        "@girs/gjs": "4.0.0-beta.38",
        "@girs/glib-2.0": "2.86.0-4.0.0-beta.38"
      }
    },
    "node_modules/@girs/gtk-3.0": {
      "version": "3.24.50-4.0.0-beta.38",
      "resolved": "https://registry.npmjs.org/@girs/gtk-3.0/-/gtk-3.0-3.24.50-4.0.0-beta.38.tgz",
      "integrity": "sha512-tiTRrfVWHK/fIaZtNfXz8tWWE7Ot+wBN6HgKmugnvyJFUgbqSwug50AUdWFct0kyIL1tOPql3V6oxu8k2IuBWg==",
      "dev": true,
      "license": "MIT",
      "dependencies": {
        "@girs/atk-1.0": "2.58.0-4.0.0-beta.38",
        "@girs/cairo-1.0": "1.0.0-4.0.0-beta.38",
        "@girs/freetype2-2.0": "2.0.0-4.0.0-beta.38",
        "@girs/gdk-3.0": "3.24.50-4.0.0-beta.38",
        "@girs/gdkpixbuf-2.0": "2.0.0-4.0.0-beta.38",
        "@girs/gio-2.0": "2.86.0-4.0.0-beta.38",
        "@girs/gjs": "4.0.0-beta.38",
        "@girs/glib-2.0": "2.86.0-4.0.0-beta.38",
        "@girs/gmodule-2.0": "2.0.0-4.0.0-beta.38",
        "@girs/gobject-2.0": "2.86.0-4.0.0-beta.38",
        "@girs/harfbuzz-0.0": "11.5.0-4.0.0-beta.38",
        "@girs/pango-1.0": "1.57.0-4.0.0-beta.38",
        "@girs/xlib-2.0": "2.0.0-4.0.0-beta.38"
      }
    },
    "node_modules/@girs/harfbuzz-0.0": {
      "version": "11.5.0-4.0.0-beta.38",
      "resolved": "https://registry.npmjs.org/@girs/harfbuzz-0.0/-/harfbuzz-0.0-11.5.0-4.0.0-beta.38.tgz",
      "integrity": "sha512-XRf/neZYpEkinNZ8SCRKIao3RNVJzMeYcjuO1b1tbqVCrN7uVZ+MIaDW5NjWKi0K6IQSyZWdDgkzrtOrIN4CWQ==",
      "dev": true,
      "license": "MIT",
      "dependencies": {
        "@girs/freetype2-2.0": "2.0.0-4.0.0-beta.38",
        "@girs/gjs": "4.0.0-beta.38",
        "@girs/glib-2.0": "2.86.0-4.0.0-beta.38",
        "@girs/gobject-2.0": "2.86.0-4.0.0-beta.38"
      }
    },
    "node_modules/@girs/pango-1.0": {
      "version": "1.57.0-4.0.0-beta.38",
      "resolved": "https://registry.npmjs.org/@girs/pango-1.0/-/pango-1.0-1.57.0-4.0.0-beta.38.tgz",
      "integrity": "sha512-fnTzVVhKb4XjGrnuqk9X++KDe2bk84Hg5472O2UrtIT1A6dzMS6gWhSvaw0ULZH/Ypj9WN12B0oceWynR6unLw==",
      "dev": true,
      "license": "MIT",
      "dependencies": {
        "@girs/cairo-1.0": "1.0.0-4.0.0-beta.38",
        "@girs/freetype2-2.0": "2.0.0-4.0.0-beta.38",
        "@girs/gio-2.0": "2.86.0-4.0.0-beta.38",
        "@girs/gjs": "4.0.0-beta.38",
        "@girs/glib-2.0": "2.86.0-4.0.0-beta.38",
        "@girs/gmodule-2.0": "2.0.0-4.0.0-beta.38",
        "@girs/gobject-2.0": "2.86.0-4.0.0-beta.38",
        "@girs/harfbuzz-0.0": "11.5.0-4.0.0-beta.38"
      }
    },
    "node_modules/@girs/xlib-2.0": {
      "version": "2.0.0-4.0.0-beta.38",
      "resolved": "https://registry.npmjs.org/@girs/xlib-2.0/-/xlib-2.0-2.0.0-4.0.0-beta.38.tgz",
      "integrity": "sha512-PK3s6NowmlY65E/Y9BqwR1lVKsZSWQJm/za1I47SvL1IVWcEHYWRZdDtYZjfmbUlUqqKkfoMt+bUCmhmQk/eYQ==",
      "dev": true,
      "license": "MIT",
      "dependencies": {
        "@girs/gjs": "4.0.0-beta.38",
        "@girs/gobject-2.0": "2.86.0-4.0.0-beta.38"
      }
    },
    "node_modules/typescript": {
      "version": "5.9.3",
      "resolved": "https://registry.npmjs.org/typescript/-/typescript-5.9.3.tgz",
      "integrity": "sha512-jl1vZzPDinLr9eUt3J/t7V6FgNEw9QjvBPdysz9KfQDD41fQrC2Y4vKQdiaUpFT4bXlb1RHhLpp8wtm6M5TgSw==",
      "dev": true,
      "license": "Apache-2.0",
      "bin": {
        "tsc": "bin/tsc",
        "tsserver": "bin/tsserver"
      },
      "engines": {
        "node": ">=14.17"
      }
    }
  }
}
